
Microsoft Visual Studio Solution File, Format Version 12.00
# Visual Studio Version 17
VisualStudioVersion = 17.3.32922.545
MinimumVisualStudioVersion = 10.0.40219.1
Project("{9A19103F-16F7-4668-BE54-9A1E7A4F7556}") = "Snork.EventBus", "src\Snork.EventBus\Snork.EventBus.csproj", "{BF17A5CD-1463-4AE1-B68F-33E40D8AEB18}"
EndProject
Project("{9A19103F-16F7-4668-BE54-9A1E7A4F7556}") = "Snork.EventBus.Tests", "src\Snork.EventBus.Tests\Snork.EventBus.Tests.csproj", "{FAF600EA-2139-445C-B0AB-60CBADD85F0E}"
EndProject
Global
	GlobalSection(SolutionConfigurationPlatforms) = preSolution
		Debug|Any CPU = Debug|Any CPU
		Release|Any CPU = Release|Any CPU
	EndGlobalSection
	GlobalSection(ProjectConfigurationPlatforms) = postSolution
		{BF17A5CD-1463-4AE1-B68F-33E40D8AEB18}.Debug|Any CPU.ActiveCfg = Debug|Any CPU
		{BF17A5CD-1463-4AE1-B68F-33E40D8AEB18}.Debug|Any CPU.Build.0 = Debug|Any CPU
		{BF17A5CD-1463-4AE1-B68F-33E40D8AEB18}.Release|Any CPU.ActiveCfg = Release|Any CPU
		{BF17A5CD-1463-4AE1-B68F-33E40D8AEB18}.Release|Any CPU.Build.0 = Release|Any CPU
		{FAF600EA-2139-445C-B0AB-60CBADD85F0E}.Debug|Any CPU.ActiveCfg = Debug|Any CPU
		{FAF600EA-2139-445C-B0AB-60CBADD85F0E}.Debug|Any CPU.Build.0 = Debug|Any CPU
		{FAF600EA-2139-445C-B0AB-60CBADD85F0E}.Release|Any CPU.ActiveCfg = Release|Any CPU
		{FAF600EA-2139-445C-B0AB-60CBADD85F0E}.Release|Any CPU.Build.0 = Release|Any CPU
	EndGlobalSection
	GlobalSection(SolutionProperties) = preSolution
		HideSolutionNode = FALSE
	EndGlobalSection
	GlobalSection(ExtensibilityGlobals) = postSolution
		SolutionGuid = {7750F7F0-046A-4BA0-BF8F-7C559FCE8DB1}
	EndGlobalSection
EndGlobal
